{
  "version": 4,
  "terraform_version": "1.4.6",
  "serial": 2,
  "lineage": "46840c11-fd57-bc2e-8935-43d6f9086057",
  "outputs": {
    "vpcid": {
      "value": "vpc-0e79061b6c82b3d06",
      "type": "string"
    }
  },
  "resources": [
    {
      "mode": "managed",
      "type": "aws_vpc",
      "name": "myvpc",
      "provider": "provider[\"registry.terraform.io/hashicorp/aws\"]",
      "instances": [
        {
          "schema_version": 1,
          "attributes": {
            "arn": "arn:aws:ec2:us-east-1:252960491156:vpc/vpc-0e79061b6c82b3d06",
            "assign_generated_ipv6_cidr_block": false,
            "cidr_block": "10.0.0.0/16",
            "default_network_acl_id": "acl-0e06dd2dc43e9dcbf",
            "default_route_table_id": "rtb-0d769c30e39a0d7ff",
            "default_security_group_id": "sg-09e98ac20645f9c67",
            "dhcp_options_id": "dopt-0379e5a82fa60aa7f",
            "enable_classiclink": false,
            "enable_classiclink_dns_support": false,
            "enable_dns_hostnames": false,
            "enable_dns_support": true,
            "enable_network_address_usage_metrics": false,
            "id": "vpc-0e79061b6c82b3d06",
            "instance_tenancy": "default",
            "ipv4_ipam_pool_id": null,
            "ipv4_netmask_length": null,
            "ipv6_association_id": "",
            "ipv6_cidr_block": "",
            "ipv6_cidr_block_network_border_group": "",
            "ipv6_ipam_pool_id": "",
            "ipv6_netmask_length": 0,
            "main_route_table_id": "rtb-0d769c30e39a0d7ff",
            "owner_id": "252960491156",
            "tags": {
              "Name": "inputvpc"
            },
            "tags_all": {
              "Name": "inputvpc"
            }
          },
          "sensitive_attributes": [],
          "private": "eyJzY2hlbWFfdmVyc2lvbiI6IjEifQ=="
        }
      ]
    }
  ],
  "check_results": null
}
